
Microsoft Visual Studio Solution File, Format Version 12.00
# Visual Studio Version 17
VisualStudioVersion = 17.2.32526.322
MinimumVisualStudioVersion = 10.0.40219.1
Project("{FAE04EC0-301F-11D3-BF4B-00C04F79EFBC}") = "product", "\peter\ZDrive\00010847\Desktop\project\product\product\product.csproj", "{2CA29A33-EFB3-4542-BD11-0B397197071E}"
EndProject
Global
	GlobalSection(SolutionConfigurationPlatforms) = preSolution
		Debug|Any CPU = Debug|Any CPU
		Release|Any CPU = Release|Any CPU
	EndGlobalSection
	GlobalSection(ProjectConfigurationPlatforms) = postSolution
		{2CA29A33-EFB3-4542-BD11-0B397197071E}.Debug|Any CPU.ActiveCfg = Debug|Any CPU
		{2CA29A33-EFB3-4542-BD11-0B397197071E}.Debug|Any CPU.Build.0 = Debug|Any CPU
		{2CA29A33-EFB3-4542-BD11-0B397197071E}.Release|Any CPU.ActiveCfg = Release|Any CPU
		{2CA29A33-EFB3-4542-BD11-0B397197071E}.Release|Any CPU.Build.0 = Release|Any CPU
	EndGlobalSection
	GlobalSection(SolutionProperties) = preSolution
		HideSolutionNode = FALSE
	EndGlobalSection
	GlobalSection(ExtensibilityGlobals) = postSolution
		SolutionGuid = {B3E0DBB8-27F0-49BB-B47C-8AF9509A7522}
	EndGlobalSection
EndGlobal
